Microsoft Visual Studio Solution File, Format Version 12.00
# Visual Studio 2012
Project("{FAE04EC0-301F-11D3-BF4B-00C04F79EFBC}") = "godot-ecs", "godot-ecs.csproj", "{EA351A14-243E-452F-B457-0489CF337891}"
EndProject
Global
	GlobalSection(SolutionConfigurationPlatforms) = preSolution
		Debug|Any CPU = Debug|Any CPU
		ExportDebug|Any CPU = ExportDebug|Any CPU
		ExportRelease|Any CPU = ExportRelease|Any CPU
	EndGlobalSection
	GlobalSection(ProjectConfigurationPlatforms) = postSolution
		{EA351A14-243E-452F-B457-0489CF337891}.Debug|Any CPU.ActiveCfg = Debug|Any CPU
		{EA351A14-243E-452F-B457-0489CF337891}.Debug|Any CPU.Build.0 = Debug|Any CPU
		{EA351A14-243E-452F-B457-0489CF337891}.ExportDebug|Any CPU.ActiveCfg = ExportDebug|Any CPU
		{EA351A14-243E-452F-B457-0489CF337891}.ExportDebug|Any CPU.Build.0 = ExportDebug|Any CPU
		{EA351A14-243E-452F-B457-0489CF337891}.ExportRelease|Any CPU.ActiveCfg = ExportRelease|Any CPU
		{EA351A14-243E-452F-B457-0489CF337891}.ExportRelease|Any CPU.Build.0 = ExportRelease|Any CPU
		{A4947F97-4019-43EB-A917-9E665D11AB83}.Debug|Any CPU.ActiveCfg = Debug|Any CPU
		{A4947F97-4019-43EB-A917-9E665D11AB83}.Debug|Any CPU.Build.0 = Debug|Any CPU
		{A4947F97-4019-43EB-A917-9E665D11AB83}.ExportDebug|Any CPU.ActiveCfg = ExportDebug|Any CPU
		{A4947F97-4019-43EB-A917-9E665D11AB83}.ExportDebug|Any CPU.Build.0 = ExportDebug|Any CPU
		{A4947F97-4019-43EB-A917-9E665D11AB83}.ExportRelease|Any CPU.ActiveCfg = ExportRelease|Any CPU
		{A4947F97-4019-43EB-A917-9E665D11AB83}.ExportRelease|Any CPU.Build.0 = ExportRelease|Any CPU
	EndGlobalSection
EndGlobal
